{
  "name": "src",
  "lockfileVersion": 2,
  "requires": true,
  "packages": {
    "": {
      "hasInstallScript": true,
      "dependencies": {
        "angular": "^1.8.2",
        "angular-legacy-sortablejs-maintained": "^0.6.2",
        "angular-material": "^1.2.5",
        "angular-route": "^1.8.3",
        "angular-sanitize": "^1.8.3",
        "angular-touch": "^1.8.3",
        "angular-translate": "^2.19.0",
        "bootstrap": "^4.3.1",
        "bootstrap-datepicker": "^1.9.0",
        "bootstrap-select": "^1.13.14",
        "moment": "^2.29.4",
        "numeral": "^2.0.6",
        "sortablejs": "^1.15.0",
        "sweetalert2": "^11.6.15",
        "tabulator-tables": "^5.4.2"
      },
      "devDependencies": {
        "jquery-sortablejs": "^1.0.1"
      }
    },
    "node_modules/angular": {
      "version": "1.8.2",
      "resolved": "https://registry.npmjs.org/angular/-/angular-1.8.2.tgz",
      "integrity": "sha512-IauMOej2xEe7/7Ennahkbb5qd/HFADiNuLSESz9Q27inmi32zB0lnAsFeLEWcox3Gd1F6YhNd1CP7/9IukJ0Gw==",
      "deprecated": "For the actively supported Angular, see https://www.npmjs.com/package/@angular/core. AngularJS support has officially ended. For extended AngularJS support options, see https://goo.gle/angularjs-path-forward."
    },
    "node_modules/angular-animate": {
      "version": "1.8.3",
      "resolved": "https://registry.npmjs.org/angular-animate/-/angular-animate-1.8.3.tgz",
      "integrity": "sha512-/LtTKvy5sD6MZbV0v+nHgOIpnFF0mrUp+j5WIxVprVhcrJriYpuCZf4S7Owj1o76De/J0eRzANUozNJ6hVepnQ==",
      "deprecated": "For the actively supported Angular, see https://www.npmjs.com/package/@angular/core. AngularJS support has officially ended. For extended AngularJS support options, see https://goo.gle/angularjs-path-forward.",
      "peer": true
    },
    "node_modules/angular-aria": {
      "version": "1.8.3",
      "resolved": "https://registry.npmjs.org/angular-aria/-/angular-aria-1.8.3.tgz",
      "integrity": "sha512-qTXclmTW/KGw5JNKKQPcCKKq6hCBZ39jYINmLgMsjUHBAoxULaMRRTaRj/L2VTOjKvK5f9enkx+EUqRqzXDSFQ==",
      "deprecated": "For the actively supported Angular, see https://www.npmjs.com/package/@angular/core. AngularJS support has officially ended. For extended AngularJS support options, see https://goo.gle/angularjs-path-forward.",
      "peer": true
    },
    "node_modules/angular-legacy-sortablejs-maintained": {
      "version": "0.6.2",
      "resolved": "https://registry.npmjs.org/angular-legacy-sortablejs-maintained/-/angular-legacy-sortablejs-maintained-0.6.2.tgz",
      "integrity": "sha512-rZA9LImEc+Q/OUYK8apg2iN7KCslrU6Dctk4hwY0ZDfFsWLzybHbMx97lqXK4J2crv41MQictW4D0PIIk4YfFA==",
      "peerDependencies": {
        "sortablejs": ">=1.5.x"
      }
    },
    "node_modules/angular-material": {
      "version": "1.2.5",
      "resolved": "https://registry.npmjs.org/angular-material/-/angular-material-1.2.5.tgz",
      "integrity": "sha512-bTTDV0vszpfms1tAMzhLntxBiNMCk/I3Mx/vhbtfhijJILODjpDBfWah0nvWrniFIcxMLcsb1tcPri13hZEaew==",
      "deprecated": "For the actively supported Angular Material, see https://www.npmjs.com/package/@angular/material. AngularJS support has officially ended. For extended AngularJS support options, see https://goo.gle/angularjs-path-forward.",
      "peerDependencies": {
        "angular": "^1.7.2",
        "angular-animate": "^1.7.2",
        "angular-aria": "^1.7.2",
        "angular-messages": "^1.7.2"
      }
    },
    "node_modules/angular-messages": {
      "version": "1.8.3",
      "resolved": "https://registry.npmjs.org/angular-messages/-/angular-messages-1.8.3.tgz",
      "integrity": "sha512-f/ywtg32lqzX8FnXkBJOyn13lbCbo333/xy/5TTFcsH/gZdXoiuERj+dLTOs8xHCkOeFQhFx0VD0DgtMgSag7A==",
      "peer": true
    },
    "node_modules/angular-route": {
      "version": "1.8.3",
      "resolved": "https://registry.npmjs.org/angular-route/-/angular-route-1.8.3.tgz",
      "integrity": "sha512-kpIcRmDR2+o1FxDVVYy8Rvfab86/7LDbOgTRb9T+X9ewPQiBRuDEnZtM3oJYBiQLvAXDYTJXHV48n/bGE9Mv2g==",
      "deprecated": "For the actively supported Angular, see https://www.npmjs.com/package/@angular/core. AngularJS support has officially ended. For extended AngularJS support options, see https://goo.gle/angularjs-path-forward."
    },
    "node_modules/angular-sanitize": {
      "version": "1.8.3",
      "resolved": "https://registry.npmjs.org/angular-sanitize/-/angular-sanitize-1.8.3.tgz",
      "integrity": "sha512-2rxdqzlUVafUeWOwvY/FtyWk1pFTyCtzreeiTytG9m4smpuAEKaIJAjYeVwWsoV+nlTOcgpwV4W1OCmR+BQbUg==",
      "deprecated": "For the actively supported Angular, see https://www.npmjs.com/package/@angular/core. AngularJS support has officially ended. For extended AngularJS support options, see https://goo.gle/angularjs-path-forward."
    },
    "node_modules/angular-touch": {
      "version": "1.8.3",
      "resolved": "https://registry.npmjs.org/angular-touch/-/angular-touch-1.8.3.tgz",
      "integrity": "sha512-QFLhJl5K7AsMBgK87Mxx/XtBYiFl2lBnjgGNCjGyAh5gM8eHsBWgaOxZsovP6qZSljG4wIA9dA9NPkXXtbo/WQ==",
      "deprecated": "For the actively supported Angular, see https://www.npmjs.com/package/@angular/core. AngularJS support has officially ended. For extended AngularJS support options, see https://goo.gle/angularjs-path-forward."
    },
    "node_modules/angular-translate": {
      "version": "2.19.0",
      "resolved": "https://registry.npmjs.org/angular-translate/-/angular-translate-2.19.0.tgz",
      "integrity": "sha512-Z/Fip5uUT2N85dPQ0sMEe1JdF5AehcDe4tg/9mWXNDVU531emHCg53ZND9Oe0dyNiGX5rWcJKmsL1Fujus1vGQ==",
      "dependencies": {
        "angular": "^1.8.0"
      },
      "engines": {
        "node": "*"
      }
    },
    "node_modules/bootstrap": {
      "version": "4.3.1",
      "resolved": "https://registry.npmjs.org/bootstrap/-/bootstrap-4.3.1.tgz",
      "integrity": "sha512-rXqOmH1VilAt2DyPzluTi2blhk17bO7ef+zLLPlWvG494pDxcM234pJ8wTc/6R40UWizAIIMgxjvxZg5kmsbag==",
      "engines": {
        "node": ">=6"
      },
      "peerDependencies": {
        "jquery": "1.9.1 - 3",
        "popper.js": "^1.14.7"
      }
    },
    "node_modules/bootstrap-datepicker": {
      "version": "1.9.0",
      "resolved": "https://registry.npmjs.org/bootstrap-datepicker/-/bootstrap-datepicker-1.9.0.tgz",
      "integrity": "sha512-9rYYbaVOheGYxjOr/+bJCmRPihfy+LkLSg4fIFMT9Od8WwWB/MB50w0JO1eBgKUMbb7PFHQD5uAfI3ArAxZRXA==",
      "dependencies": {
        "jquery": ">=1.7.1 <4.0.0"
      }
    },
    "node_modules/bootstrap-select": {
      "version": "1.13.14",
      "resolved": "https://registry.npmjs.org/bootstrap-select/-/bootstrap-select-1.13.14.tgz",
      "integrity": "sha512-TiL2BobDTwPNV1pteDhukepamPXnbH33+B7D9oMI672KnsyDl0/j6lfQ+0TCL74TI1vaUv+gjL/0nvpmiTCzxQ==",
      "peerDependencies": {
        "bootstrap": ">=3.0.0",
        "jquery": "1.9.1 - 3"
      }
    },
    "node_modules/jquery": {
      "version": "3.6.1",
      "resolved": "https://registry.npmjs.org/jquery/-/jquery-3.6.1.tgz",
      "integrity": "sha512-opJeO4nCucVnsjiXOE+/PcCgYw9Gwpvs/a6B1LL/lQhwWwpbVEVYDZ1FokFr8PRc7ghYlrFPuyHuiiDNTQxmcw=="
    },
    "node_modules/jquery-sortablejs": {
      "version": "1.0.1",
      "resolved": "https://registry.npmjs.org/jquery-sortablejs/-/jquery-sortablejs-1.0.1.tgz",
      "integrity": "sha512-tKSyPMC+VfepxfFngVDmOJeYEGakzGHYh+/FgqzqHYJa29cN8i6LN0xlCI8Oc0ShTBWqra+zOgQmlydAVaeWkg==",
      "dev": true,
      "peerDependencies": {
        "jquery": "*",
        "sortablejs": "*"
      }
    },
    "node_modules/moment": {
      "version": "2.29.4",
      "resolved": "https://registry.npmjs.org/moment/-/moment-2.29.4.tgz",
      "integrity": "sha512-5LC9SOxjSc2HF6vO2CyuTDNivEdoz2IvyJJGj6X8DJ0eFyfszE0QiEd+iXmBvUP3WHxSjFH/vIsA0EN00cgr8w==",
      "engines": {
        "node": "*"
      }
    },
    "node_modules/numeral": {
      "version": "2.0.6",
      "resolved": "https://registry.npmjs.org/numeral/-/numeral-2.0.6.tgz",
      "integrity": "sha512-qaKRmtYPZ5qdw4jWJD6bxEf1FJEqllJrwxCLIm0sQU/A7v2/czigzOb+C2uSiFsa9lBUzeH7M1oK+Q+OLxL3kA==",
      "engines": {
        "node": "*"
      }
    },
    "node_modules/popper.js": {
      "version": "1.16.1",
      "resolved": "https://registry.npmjs.org/popper.js/-/popper.js-1.16.1.tgz",
      "integrity": "sha512-Wb4p1J4zyFTbM+u6WuO4XstYx4Ky9Cewe4DWrel7B0w6VVICvPwdOpotjzcf6eD8TsckVnIMNONQyPIUFOUbCQ==",
      "deprecated": "You can find the new Popper v2 at @popperjs/core, this package is dedicated to the legacy v1",
      "peer": true,
      "funding": {
        "type": "opencollective",
        "url": "https://opencollective.com/popperjs"
      }
    },
    "node_modules/sortablejs": {
      "version": "1.15.0",
      "resolved": "https://registry.npmjs.org/sortablejs/-/sortablejs-1.15.0.tgz",
      "integrity": "sha512-bv9qgVMjUMf89wAvM6AxVvS/4MX3sPeN0+agqShejLU5z5GX4C75ow1O2e5k4L6XItUyAK3gH6AxSbXrOM5e8w=="
    },
    "node_modules/sweetalert2": {
      "version": "11.6.15",
      "resolved": "https://registry.npmjs.org/sweetalert2/-/sweetalert2-11.6.15.tgz",
      "integrity": "sha512-FqMy1gRGHEI5G145NE5XSP059TziCJu9Xf9/mkki/aKu5pLNcYzjggOzKO5Ex10EBgAGDXQ99jyGfYYzGCYXRQ==",
      "funding": {
        "type": "individual",
        "url": "https://github.com/sponsors/limonte"
      }
    },
    "node_modules/tabulator-tables": {
      "version": "5.4.2",
      "resolved": "https://registry.npmjs.org/tabulator-tables/-/tabulator-tables-5.4.2.tgz",
      "integrity": "sha512-HDrm9kk5KjkGkUrLSenIbWuhJggfMrQqo9h6ZfaPq8jgPh/DITiboCG3v2xk7xEXd/GecGGeTzqMP5LfzgqcRA=="
    }
  },
  "dependencies": {
    "angular": {
      "version": "1.8.2",
      "resolved": "https://registry.npmjs.org/angular/-/angular-1.8.2.tgz",
      "integrity": "sha512-IauMOej2xEe7/7Ennahkbb5qd/HFADiNuLSESz9Q27inmi32zB0lnAsFeLEWcox3Gd1F6YhNd1CP7/9IukJ0Gw=="
    },
    "angular-animate": {
      "version": "1.8.3",
      "resolved": "https://registry.npmjs.org/angular-animate/-/angular-animate-1.8.3.tgz",
      "integrity": "sha512-/LtTKvy5sD6MZbV0v+nHgOIpnFF0mrUp+j5WIxVprVhcrJriYpuCZf4S7Owj1o76De/J0eRzANUozNJ6hVepnQ==",
      "peer": true
    },
    "angular-aria": {
      "version": "1.8.3",
      "resolved": "https://registry.npmjs.org/angular-aria/-/angular-aria-1.8.3.tgz",
      "integrity": "sha512-qTXclmTW/KGw5JNKKQPcCKKq6hCBZ39jYINmLgMsjUHBAoxULaMRRTaRj/L2VTOjKvK5f9enkx+EUqRqzXDSFQ==",
      "peer": true
    },
    "angular-legacy-sortablejs-maintained": {
      "version": "0.6.2",
      "resolved": "https://registry.npmjs.org/angular-legacy-sortablejs-maintained/-/angular-legacy-sortablejs-maintained-0.6.2.tgz",
      "integrity": "sha512-rZA9LImEc+Q/OUYK8apg2iN7KCslrU6Dctk4hwY0ZDfFsWLzybHbMx97lqXK4J2crv41MQictW4D0PIIk4YfFA==",
      "requires": {}
    },
    "angular-material": {
      "version": "1.2.5",
      "resolved": "https://registry.npmjs.org/angular-material/-/angular-material-1.2.5.tgz",
      "integrity": "sha512-bTTDV0vszpfms1tAMzhLntxBiNMCk/I3Mx/vhbtfhijJILODjpDBfWah0nvWrniFIcxMLcsb1tcPri13hZEaew==",
      "requires": {}
    },
    "angular-messages": {
      "version": "1.8.3",
      "resolved": "https://registry.npmjs.org/angular-messages/-/angular-messages-1.8.3.tgz",
      "integrity": "sha512-f/ywtg32lqzX8FnXkBJOyn13lbCbo333/xy/5TTFcsH/gZdXoiuERj+dLTOs8xHCkOeFQhFx0VD0DgtMgSag7A==",
      "peer": true
    },
    "angular-route": {
      "version": "1.8.3",
      "resolved": "https://registry.npmjs.org/angular-route/-/angular-route-1.8.3.tgz",
      "integrity": "sha512-kpIcRmDR2+o1FxDVVYy8Rvfab86/7LDbOgTRb9T+X9ewPQiBRuDEnZtM3oJYBiQLvAXDYTJXHV48n/bGE9Mv2g=="
    },
    "angular-sanitize": {
      "version": "1.8.3",
      "resolved": "https://registry.npmjs.org/angular-sanitize/-/angular-sanitize-1.8.3.tgz",
      "integrity": "sha512-2rxdqzlUVafUeWOwvY/FtyWk1pFTyCtzreeiTytG9m4smpuAEKaIJAjYeVwWsoV+nlTOcgpwV4W1OCmR+BQbUg=="
    },
    "angular-touch": {
      "version": "1.8.3",
      "resolved": "https://registry.npmjs.org/angular-touch/-/angular-touch-1.8.3.tgz",
      "integrity": "sha512-QFLhJl5K7AsMBgK87Mxx/XtBYiFl2lBnjgGNCjGyAh5gM8eHsBWgaOxZsovP6qZSljG4wIA9dA9NPkXXtbo/WQ=="
    },
    "angular-translate": {
      "version": "2.19.0",
      "resolved": "https://registry.npmjs.org/angular-translate/-/angular-translate-2.19.0.tgz",
      "integrity": "sha512-Z/Fip5uUT2N85dPQ0sMEe1JdF5AehcDe4tg/9mWXNDVU531emHCg53ZND9Oe0dyNiGX5rWcJKmsL1Fujus1vGQ==",
      "requires": {
        "angular": "^1.8.0"
      }
    },
    "bootstrap": {
      "version": "4.3.1",
      "resolved": "https://registry.npmjs.org/bootstrap/-/bootstrap-4.3.1.tgz",
      "integrity": "sha512-rXqOmH1VilAt2DyPzluTi2blhk17bO7ef+zLLPlWvG494pDxcM234pJ8wTc/6R40UWizAIIMgxjvxZg5kmsbag==",
      "requires": {}
    },
    "bootstrap-datepicker": {
      "version": "1.9.0",
      "resolved": "https://registry.npmjs.org/bootstrap-datepicker/-/bootstrap-datepicker-1.9.0.tgz",
      "integrity": "sha512-9rYYbaVOheGYxjOr/+bJCmRPihfy+LkLSg4fIFMT9Od8WwWB/MB50w0JO1eBgKUMbb7PFHQD5uAfI3ArAxZRXA==",
      "requires": {
        "jquery": ">=1.7.1 <4.0.0"
      }
    },
    "bootstrap-select": {
      "version": "1.13.14",
      "resolved": "https://registry.npmjs.org/bootstrap-select/-/bootstrap-select-1.13.14.tgz",
      "integrity": "sha512-TiL2BobDTwPNV1pteDhukepamPXnbH33+B7D9oMI672KnsyDl0/j6lfQ+0TCL74TI1vaUv+gjL/0nvpmiTCzxQ==",
      "requires": {}
    },
    "jquery": {
      "version": "3.6.1",
      "resolved": "https://registry.npmjs.org/jquery/-/jquery-3.6.1.tgz",
      "integrity": "sha512-opJeO4nCucVnsjiXOE+/PcCgYw9Gwpvs/a6B1LL/lQhwWwpbVEVYDZ1FokFr8PRc7ghYlrFPuyHuiiDNTQxmcw=="
    },
    "jquery-sortablejs": {
      "version": "1.0.1",
      "resolved": "https://registry.npmjs.org/jquery-sortablejs/-/jquery-sortablejs-1.0.1.tgz",
      "integrity": "sha512-tKSyPMC+VfepxfFngVDmOJeYEGakzGHYh+/FgqzqHYJa29cN8i6LN0xlCI8Oc0ShTBWqra+zOgQmlydAVaeWkg==",
      "dev": true,
      "requires": {}
    },
    "moment": {
      "version": "2.29.4",
      "resolved": "https://registry.npmjs.org/moment/-/moment-2.29.4.tgz",
      "integrity": "sha512-5LC9SOxjSc2HF6vO2CyuTDNivEdoz2IvyJJGj6X8DJ0eFyfszE0QiEd+iXmBvUP3WHxSjFH/vIsA0EN00cgr8w=="
    },
    "numeral": {
      "version": "2.0.6",
      "resolved": "https://registry.npmjs.org/numeral/-/numeral-2.0.6.tgz",
      "integrity": "sha512-qaKRmtYPZ5qdw4jWJD6bxEf1FJEqllJrwxCLIm0sQU/A7v2/czigzOb+C2uSiFsa9lBUzeH7M1oK+Q+OLxL3kA=="
    },
    "popper.js": {
      "version": "1.16.1",
      "resolved": "https://registry.npmjs.org/popper.js/-/popper.js-1.16.1.tgz",
      "integrity": "sha512-Wb4p1J4zyFTbM+u6WuO4XstYx4Ky9Cewe4DWrel7B0w6VVICvPwdOpotjzcf6eD8TsckVnIMNONQyPIUFOUbCQ==",
      "peer": true
    },
    "sortablejs": {
      "version": "1.15.0",
      "resolved": "https://registry.npmjs.org/sortablejs/-/sortablejs-1.15.0.tgz",
      "integrity": "sha512-bv9qgVMjUMf89wAvM6AxVvS/4MX3sPeN0+agqShejLU5z5GX4C75ow1O2e5k4L6XItUyAK3gH6AxSbXrOM5e8w=="
    },
    "sweetalert2": {
      "version": "11.6.15",
      "resolved": "https://registry.npmjs.org/sweetalert2/-/sweetalert2-11.6.15.tgz",
      "integrity": "sha512-FqMy1gRGHEI5G145NE5XSP059TziCJu9Xf9/mkki/aKu5pLNcYzjggOzKO5Ex10EBgAGDXQ99jyGfYYzGCYXRQ=="
    },
    "tabulator-tables": {
      "version": "5.4.2",
      "resolved": "https://registry.npmjs.org/tabulator-tables/-/tabulator-tables-5.4.2.tgz",
      "integrity": "sha512-HDrm9kk5KjkGkUrLSenIbWuhJggfMrQqo9h6ZfaPq8jgPh/DITiboCG3v2xk7xEXd/GecGGeTzqMP5LfzgqcRA=="
    }
  }
}
